
Microsoft Visual Studio Solution File, Format Version 12.00
Project("{FAE04EC0-301F-11D3-BF4B-00C04F79EFBC}") = "TraineeTrack.API", "TraineeTrack.API\TraineeTrack.API.csproj", "{C5943305-3D9B-4752-B103-84DDA2245DDF}"
EndProject
Project("{2150E333-8FDC-42A3-9474-1A3956D46DE8}") = "Solution Items", "Solution Items", "{2D9B5A38-6C97-4C71-8ADF-9271E46DD649}"
	ProjectSection(SolutionItems) = preProject
		compose.yaml = compose.yaml
	EndProjectSection
EndProject
Project("{FAE04EC0-301F-11D3-BF4B-00C04F79EFBC}") = "TraineeTrack.API.Tests", "TraineeTrack.API.Tests\TraineeTrack.API.Tests.csproj", "{0810BF1D-FDC5-4F0B-8A11-9BB8F138FD26}"
EndProject
Project("{FAE04EC0-301F-11D3-BF4B-00C04F79EFBC}") = "TraineeTrack.API.IntegrationTests", "TraineeTrack.API.IntegrationTests\TraineeTrack.API.IntegrationTests.csproj", "{14B827F8-4DE1-46E3-81A4-C6B6180F0981}"
EndProject
Project("{F2A71F9B-5D33-465A-A702-920D77279786}") = "TraineeTrack.Client", "TraineeTrack.Client\TraineeTrack.Client\TraineeTrack.Client.fsproj", "{6EA6F994-4B46-4612-B98C-C07F403524C0}"
EndProject
Project("{F2A71F9B-5D33-465A-A702-920D77279786}") = "TraineeTrack.Client.Android", "TraineeTrack.Client\TraineeTrack.Client.Android\TraineeTrack.Client.Android.fsproj", "{31F0DB38-FCC7-48FF-96E6-A4EAE8129584}"
EndProject
Project("{F2A71F9B-5D33-465A-A702-920D77279786}") = "TraineeTrack.Client.Desktop", "TraineeTrack.Client\TraineeTrack.Client.Desktop\TraineeTrack.Client.Desktop.fsproj", "{E57EF0AE-95B2-4D2A-8E3A-B3CD7ABBAAA4}"
EndProject
Project("{F2A71F9B-5D33-465A-A702-920D77279786}") = "TraineeTrack.Client.iOS", "TraineeTrack.Client\TraineeTrack.Client.iOS\TraineeTrack.Client.iOS.fsproj", "{41CFB14D-4730-4366-A0C7-6249D0BF33CE}"
EndProject
Project("{F2A71F9B-5D33-465A-A702-920D77279786}") = "TraineeTrack.Client.Browser", "TraineeTrack.Client\TraineeTrack.Client.Browser\TraineeTrack.Client.Browser.fsproj", "{C21108F4-70BA-4CED-B815-FAE920F5AA60}"
EndProject
Global
	GlobalSection(SolutionConfigurationPlatforms) = preSolution
		Debug|Any CPU = Debug|Any CPU
		Release|Any CPU = Release|Any CPU
	EndGlobalSection
	GlobalSection(ProjectConfigurationPlatforms) = postSolution
		{C5943305-3D9B-4752-B103-84DDA2245DDF}.Debug|Any CPU.ActiveCfg = Debug|Any CPU
		{C5943305-3D9B-4752-B103-84DDA2245DDF}.Debug|Any CPU.Build.0 = Debug|Any CPU
		{C5943305-3D9B-4752-B103-84DDA2245DDF}.Release|Any CPU.ActiveCfg = Release|Any CPU
		{C5943305-3D9B-4752-B103-84DDA2245DDF}.Release|Any CPU.Build.0 = Release|Any CPU
		{0810BF1D-FDC5-4F0B-8A11-9BB8F138FD26}.Debug|Any CPU.ActiveCfg = Debug|Any CPU
		{0810BF1D-FDC5-4F0B-8A11-9BB8F138FD26}.Debug|Any CPU.Build.0 = Debug|Any CPU
		{0810BF1D-FDC5-4F0B-8A11-9BB8F138FD26}.Release|Any CPU.ActiveCfg = Release|Any CPU
		{0810BF1D-FDC5-4F0B-8A11-9BB8F138FD26}.Release|Any CPU.Build.0 = Release|Any CPU
		{14B827F8-4DE1-46E3-81A4-C6B6180F0981}.Debug|Any CPU.ActiveCfg = Debug|Any CPU
		{14B827F8-4DE1-46E3-81A4-C6B6180F0981}.Debug|Any CPU.Build.0 = Debug|Any CPU
		{14B827F8-4DE1-46E3-81A4-C6B6180F0981}.Release|Any CPU.ActiveCfg = Release|Any CPU
		{14B827F8-4DE1-46E3-81A4-C6B6180F0981}.Release|Any CPU.Build.0 = Release|Any CPU
		{6EA6F994-4B46-4612-B98C-C07F403524C0}.Debug|Any CPU.ActiveCfg = Debug|Any CPU
		{6EA6F994-4B46-4612-B98C-C07F403524C0}.Debug|Any CPU.Build.0 = Debug|Any CPU
		{6EA6F994-4B46-4612-B98C-C07F403524C0}.Release|Any CPU.ActiveCfg = Release|Any CPU
		{6EA6F994-4B46-4612-B98C-C07F403524C0}.Release|Any CPU.Build.0 = Release|Any CPU
		{31F0DB38-FCC7-48FF-96E6-A4EAE8129584}.Debug|Any CPU.ActiveCfg = Debug|Any CPU
		{31F0DB38-FCC7-48FF-96E6-A4EAE8129584}.Debug|Any CPU.Build.0 = Debug|Any CPU
		{31F0DB38-FCC7-48FF-96E6-A4EAE8129584}.Release|Any CPU.ActiveCfg = Release|Any CPU
		{31F0DB38-FCC7-48FF-96E6-A4EAE8129584}.Release|Any CPU.Build.0 = Release|Any CPU
		{E57EF0AE-95B2-4D2A-8E3A-B3CD7ABBAAA4}.Debug|Any CPU.ActiveCfg = Debug|Any CPU
		{E57EF0AE-95B2-4D2A-8E3A-B3CD7ABBAAA4}.Debug|Any CPU.Build.0 = Debug|Any CPU
		{E57EF0AE-95B2-4D2A-8E3A-B3CD7ABBAAA4}.Release|Any CPU.ActiveCfg = Release|Any CPU
		{E57EF0AE-95B2-4D2A-8E3A-B3CD7ABBAAA4}.Release|Any CPU.Build.0 = Release|Any CPU
		{41CFB14D-4730-4366-A0C7-6249D0BF33CE}.Debug|Any CPU.ActiveCfg = Debug|Any CPU
		{41CFB14D-4730-4366-A0C7-6249D0BF33CE}.Debug|Any CPU.Build.0 = Debug|Any CPU
		{41CFB14D-4730-4366-A0C7-6249D0BF33CE}.Release|Any CPU.ActiveCfg = Release|Any CPU
		{41CFB14D-4730-4366-A0C7-6249D0BF33CE}.Release|Any CPU.Build.0 = Release|Any CPU
		{C21108F4-70BA-4CED-B815-FAE920F5AA60}.Debug|Any CPU.ActiveCfg = Debug|Any CPU
		{C21108F4-70BA-4CED-B815-FAE920F5AA60}.Debug|Any CPU.Build.0 = Debug|Any CPU
		{C21108F4-70BA-4CED-B815-FAE920F5AA60}.Release|Any CPU.ActiveCfg = Release|Any CPU
		{C21108F4-70BA-4CED-B815-FAE920F5AA60}.Release|Any CPU.Build.0 = Release|Any CPU
	EndGlobalSection
EndGlobal
