
Microsoft Visual Studio Solution File, Format Version 12.00
Project("{FAE04EC0-301F-11D3-BF4B-00C04F79EFBC}") = "TraineeTrack.API", "TraineeTrack.API\TraineeTrack.API.csproj", "{C5943305-3D9B-4752-B103-84DDA2245DDF}"
EndProject
Project("{2150E333-8FDC-42A3-9474-1A3956D46DE8}") = "Solution Items", "Solution Items", "{2D9B5A38-6C97-4C71-8ADF-9271E46DD649}"
	ProjectSection(SolutionItems) = preProject
		compose.yaml = compose.yaml
	EndProjectSection
EndProject
Project("{FAE04EC0-301F-11D3-BF4B-00C04F79EFBC}") = "TraineeTrack.API.Tests", "TraineeTrack.API.Tests\TraineeTrack.API.Tests.csproj", "{0810BF1D-FDC5-4F0B-8A11-9BB8F138FD26}"
EndProject
Project("{FAE04EC0-301F-11D3-BF4B-00C04F79EFBC}") = "TraineeTrack.API.IntegrationTests", "TraineeTrack.API.IntegrationTests\TraineeTrack.API.IntegrationTests.csproj", "{14B827F8-4DE1-46E3-81A4-C6B6180F0981}"
EndProject
Project("{FAE04EC0-301F-11D3-BF4B-00C04F79EFBC}") = "TraineeTrack.Client", "TraineeTrack.Client\TraineeTrack.Client\TraineeTrack.Client.csproj", "{A69C1AC2-BC58-4BAD-95A4-40FD78E5C112}"
EndProject
Project("{FAE04EC0-301F-11D3-BF4B-00C04F79EFBC}") = "TraineeTrack.Client.Android", "TraineeTrack.Client\TraineeTrack.Client.Android\TraineeTrack.Client.Android.csproj", "{F0E2A049-7F01-4A38-9BEA-63F42BC3C103}"
EndProject
Project("{FAE04EC0-301F-11D3-BF4B-00C04F79EFBC}") = "TraineeTrack.Client.Desktop", "TraineeTrack.Client\TraineeTrack.Client.Desktop\TraineeTrack.Client.Desktop.csproj", "{E1855726-9F37-48AA-8B34-8C7770640EA6}"
EndProject
Project("{FAE04EC0-301F-11D3-BF4B-00C04F79EFBC}") = "TraineeTrack.Client.iOS", "TraineeTrack.Client\TraineeTrack.Client.iOS\TraineeTrack.Client.iOS.csproj", "{7F2A38B8-2AC7-458E-A98E-7308C86BB891}"
EndProject
Project("{FAE04EC0-301F-11D3-BF4B-00C04F79EFBC}") = "TraineeTrack.Client.Browser", "TraineeTrack.Client\TraineeTrack.Client.Browser\TraineeTrack.Client.Browser.csproj", "{B5E20BF5-443E-4E0F-90E9-A81C43BA6F83}"
EndProject
Global
	GlobalSection(SolutionConfigurationPlatforms) = preSolution
		Debug|Any CPU = Debug|Any CPU
		Release|Any CPU = Release|Any CPU
	EndGlobalSection
	GlobalSection(ProjectConfigurationPlatforms) = postSolution
		{C5943305-3D9B-4752-B103-84DDA2245DDF}.Debug|Any CPU.ActiveCfg = Debug|Any CPU
		{C5943305-3D9B-4752-B103-84DDA2245DDF}.Debug|Any CPU.Build.0 = Debug|Any CPU
		{C5943305-3D9B-4752-B103-84DDA2245DDF}.Release|Any CPU.ActiveCfg = Release|Any CPU
		{C5943305-3D9B-4752-B103-84DDA2245DDF}.Release|Any CPU.Build.0 = Release|Any CPU
		{0810BF1D-FDC5-4F0B-8A11-9BB8F138FD26}.Debug|Any CPU.ActiveCfg = Debug|Any CPU
		{0810BF1D-FDC5-4F0B-8A11-9BB8F138FD26}.Debug|Any CPU.Build.0 = Debug|Any CPU
		{0810BF1D-FDC5-4F0B-8A11-9BB8F138FD26}.Release|Any CPU.ActiveCfg = Release|Any CPU
		{0810BF1D-FDC5-4F0B-8A11-9BB8F138FD26}.Release|Any CPU.Build.0 = Release|Any CPU
		{14B827F8-4DE1-46E3-81A4-C6B6180F0981}.Debug|Any CPU.ActiveCfg = Debug|Any CPU
		{14B827F8-4DE1-46E3-81A4-C6B6180F0981}.Debug|Any CPU.Build.0 = Debug|Any CPU
		{14B827F8-4DE1-46E3-81A4-C6B6180F0981}.Release|Any CPU.ActiveCfg = Release|Any CPU
		{14B827F8-4DE1-46E3-81A4-C6B6180F0981}.Release|Any CPU.Build.0 = Release|Any CPU
		{A69C1AC2-BC58-4BAD-95A4-40FD78E5C112}.Debug|Any CPU.ActiveCfg = Debug|Any CPU
		{A69C1AC2-BC58-4BAD-95A4-40FD78E5C112}.Debug|Any CPU.Build.0 = Debug|Any CPU
		{A69C1AC2-BC58-4BAD-95A4-40FD78E5C112}.Release|Any CPU.ActiveCfg = Release|Any CPU
		{A69C1AC2-BC58-4BAD-95A4-40FD78E5C112}.Release|Any CPU.Build.0 = Release|Any CPU
		{F0E2A049-7F01-4A38-9BEA-63F42BC3C103}.Debug|Any CPU.ActiveCfg = Debug|Any CPU
		{F0E2A049-7F01-4A38-9BEA-63F42BC3C103}.Debug|Any CPU.Build.0 = Debug|Any CPU
		{F0E2A049-7F01-4A38-9BEA-63F42BC3C103}.Release|Any CPU.ActiveCfg = Release|Any CPU
		{F0E2A049-7F01-4A38-9BEA-63F42BC3C103}.Release|Any CPU.Build.0 = Release|Any CPU
		{E1855726-9F37-48AA-8B34-8C7770640EA6}.Debug|Any CPU.ActiveCfg = Debug|Any CPU
		{E1855726-9F37-48AA-8B34-8C7770640EA6}.Debug|Any CPU.Build.0 = Debug|Any CPU
		{E1855726-9F37-48AA-8B34-8C7770640EA6}.Release|Any CPU.ActiveCfg = Release|Any CPU
		{E1855726-9F37-48AA-8B34-8C7770640EA6}.Release|Any CPU.Build.0 = Release|Any CPU
		{7F2A38B8-2AC7-458E-A98E-7308C86BB891}.Debug|Any CPU.ActiveCfg = Debug|Any CPU
		{7F2A38B8-2AC7-458E-A98E-7308C86BB891}.Debug|Any CPU.Build.0 = Debug|Any CPU
		{7F2A38B8-2AC7-458E-A98E-7308C86BB891}.Release|Any CPU.ActiveCfg = Release|Any CPU
		{7F2A38B8-2AC7-458E-A98E-7308C86BB891}.Release|Any CPU.Build.0 = Release|Any CPU
		{B5E20BF5-443E-4E0F-90E9-A81C43BA6F83}.Debug|Any CPU.ActiveCfg = Debug|Any CPU
		{B5E20BF5-443E-4E0F-90E9-A81C43BA6F83}.Debug|Any CPU.Build.0 = Debug|Any CPU
		{B5E20BF5-443E-4E0F-90E9-A81C43BA6F83}.Release|Any CPU.ActiveCfg = Release|Any CPU
		{B5E20BF5-443E-4E0F-90E9-A81C43BA6F83}.Release|Any CPU.Build.0 = Release|Any CPU
	EndGlobalSection
EndGlobal
